
Microsoft Visual Studio Solution File, Format Version 12.00
# Visual Studio Version 16
VisualStudioVersion = 16.0.31205.134
MinimumVisualStudioVersion = 10.0.40219.1
Project("{9A19103F-16F7-4668-BE54-9A1E7A4F7556}") = "PDD", "PDD\PDD.csproj", "{26EFF35D-7DA1-44FC-81DB-8C6D71D2202B}"
EndProject
Project("{9A19103F-16F7-4668-BE54-9A1E7A4F7556}") = "PDD.Core.Common", "PDD.Core.Common\PDD.Core.Common.csproj", "{2702F349-CD71-487B-BAE7-31EC99A3FEA7}"
EndProject
Project("{9A19103F-16F7-4668-BE54-9A1E7A4F7556}") = "PDD.Core.Model", "PDD.Core.Model\PDD.Core.Model.csproj", "{B6650A9A-BC46-4646-B303-BB17E0842E07}"
EndProject
Project("{9A19103F-16F7-4668-BE54-9A1E7A4F7556}") = "PDD.Core.IRepository", "PDD.Core.IRepository\PDD.Core.IRepository.csproj", "{FC35ED36-B1D9-4AED-9FA6-797DDD12BFBD}"
EndProject
Project("{9A19103F-16F7-4668-BE54-9A1E7A4F7556}") = "PDD.Core.Repository", "PDD.Core.Repository\PDD.Core.Repository.csproj", "{42748548-4C2D-4F42-A315-9EEEE1269CFE}"
EndProject
Global
	GlobalSection(SolutionConfigurationPlatforms) = preSolution
		Debug|Any CPU = Debug|Any CPU
		Release|Any CPU = Release|Any CPU
	EndGlobalSection
	GlobalSection(ProjectConfigurationPlatforms) = postSolution
		{26EFF35D-7DA1-44FC-81DB-8C6D71D2202B}.Debug|Any CPU.ActiveCfg = Debug|Any CPU
		{26EFF35D-7DA1-44FC-81DB-8C6D71D2202B}.Debug|Any CPU.Build.0 = Debug|Any CPU
		{26EFF35D-7DA1-44FC-81DB-8C6D71D2202B}.Release|Any CPU.ActiveCfg = Release|Any CPU
		{26EFF35D-7DA1-44FC-81DB-8C6D71D2202B}.Release|Any CPU.Build.0 = Release|Any CPU
		{2702F349-CD71-487B-BAE7-31EC99A3FEA7}.Debug|Any CPU.ActiveCfg = Debug|Any CPU
		{2702F349-CD71-487B-BAE7-31EC99A3FEA7}.Debug|Any CPU.Build.0 = Debug|Any CPU
		{2702F349-CD71-487B-BAE7-31EC99A3FEA7}.Release|Any CPU.ActiveCfg = Release|Any CPU
		{2702F349-CD71-487B-BAE7-31EC99A3FEA7}.Release|Any CPU.Build.0 = Release|Any CPU
		{B6650A9A-BC46-4646-B303-BB17E0842E07}.Debug|Any CPU.ActiveCfg = Debug|Any CPU
		{B6650A9A-BC46-4646-B303-BB17E0842E07}.Debug|Any CPU.Build.0 = Debug|Any CPU
		{B6650A9A-BC46-4646-B303-BB17E0842E07}.Release|Any CPU.ActiveCfg = Release|Any CPU
		{B6650A9A-BC46-4646-B303-BB17E0842E07}.Release|Any CPU.Build.0 = Release|Any CPU
		{FC35ED36-B1D9-4AED-9FA6-797DDD12BFBD}.Debug|Any CPU.ActiveCfg = Debug|Any CPU
		{FC35ED36-B1D9-4AED-9FA6-797DDD12BFBD}.Debug|Any CPU.Build.0 = Debug|Any CPU
		{FC35ED36-B1D9-4AED-9FA6-797DDD12BFBD}.Release|Any CPU.ActiveCfg = Release|Any CPU
		{FC35ED36-B1D9-4AED-9FA6-797DDD12BFBD}.Release|Any CPU.Build.0 = Release|Any CPU
		{42748548-4C2D-4F42-A315-9EEEE1269CFE}.Debug|Any CPU.ActiveCfg = Debug|Any CPU
		{42748548-4C2D-4F42-A315-9EEEE1269CFE}.Debug|Any CPU.Build.0 = Debug|Any CPU
		{42748548-4C2D-4F42-A315-9EEEE1269CFE}.Release|Any CPU.ActiveCfg = Release|Any CPU
		{42748548-4C2D-4F42-A315-9EEEE1269CFE}.Release|Any CPU.Build.0 = Release|Any CPU
	EndGlobalSection
	GlobalSection(SolutionProperties) = preSolution
		HideSolutionNode = FALSE
	EndGlobalSection
	GlobalSection(ExtensibilityGlobals) = postSolution
		SolutionGuid = {F9CFBB7E-339B-43B4-95B1-530618D9ADAA}
	EndGlobalSection
EndGlobal
